// !$*UTF8*$!
{
	archiveVersion = 1;
	classes = {
	};
	objectVersion = 55;
	objects = {

/* Begin PBXBuildFile section */
		C9681B0127A2FE3D008B84FD /* AppDelegate.swift in Sources */ = {isa = PBXBuildFile; fileRef = C9681B0027A2FE3D008B84FD /* AppDelegate.swift */; };
		C9681B0327A2FE3D008B84FD /* SceneDelegate.swift in Sources */ = {isa = PBXBuildFile; fileRef = C9681B0227A2FE3D008B84FD /* SceneDelegate.swift */; };
		C9681B0527A2FE3D008B84FD /* ViewController.swift in Sources */ = {isa = PBXBuildFile; fileRef = C9681B0427A2FE3D008B84FD /* ViewController.swift */; };
		C9681B0827A2FE3D008B84FD /* Main.storyboard in Resources */ = {isa = PBXBuildFile; fileRef = C9681B0627A2FE3D008B84FD /* Main.storyboard */; };
		C9681B0A27A2FE3D008B84FD /* Assets.xcassets in Resources */ = {isa = PBXBuildFile; fileRef = C9681B0927A2FE3D008B84FD /* Assets.xcassets */; };
		C9681B0D27A2FE3D008B84FD /* LaunchScreen.storyboard in Resources */ = {isa = PBXBuildFile; fileRef = C9681B0B27A2FE3D008B84FD /* LaunchScreen.storyboard */; };
		C9681B1827A2FE3D008B84FD /* TimPracticeTableViewTests.swift in Sources */ = {isa = PBXBuildFile; fileRef = C9681B1727A2FE3D008B84FD /* TimPracticeTableViewTests.swift */; };
		C9681B2227A2FE3D008B84FD /* TimPracticeTableViewUITests.swift in Sources */ = {isa = PBXBuildFile; fileRef = C9681B2127A2FE3D008B84FD /* TimPracticeTableViewUITests.swift */; };
		C9681B2427A2FE3D008B84FD /* TimPracticeTableViewUITestsLaunchTests.swift in Sources */ = {isa = PBXBuildFile; fileRef = C9681B2327A2FE3D008B84FD /* TimPracticeTableViewUITestsLaunchTests.swift */; };
		C9681B3227A3003E008B84FD /* TodoCell.swift in Sources */ = {isa = PBXBuildFile; fileRef = C9681B3027A3003E008B84FD /* TodoCell.swift */; };
		C9681B3327A3003E008B84FD /* TodoCell.xib in Resources */ = {isa = PBXBuildFile; fileRef = C9681B3127A3003E008B84FD /* TodoCell.xib */; };
		C9681B3527A30066008B84FD /* TodoItem.swift in Sources */ = {isa = PBXBuildFile; fileRef = C9681B3427A30066008B84FD /* TodoItem.swift */; };
/* End PBXBuildFile section */

/* Begin PBXContainerItemProxy section */
		C9681B1427A2FE3D008B84FD /* PBXContainerItemProxy */ = {
			isa = PBXContainerItemProxy;
			containerPortal = C9681AF527A2FE3D008B84FD /* Project object */;
			proxyType = 1;
			remoteGlobalIDString = C9681AFC27A2FE3D008B84FD;
			remoteInfo = TimPracticeTableView;
		};
		C9681B1E27A2FE3D008B84FD /* PBXContainerItemProxy */ = {
			isa = PBXContainerItemProxy;
			containerPortal = C9681AF527A2FE3D008B84FD /* Project object */;
			proxyType = 1;
			remoteGlobalIDString = C9681AFC27A2FE3D008B84FD;
			remoteInfo = TimPracticeTableView;
		};
/* End PBXContainerItemProxy section */

/* Begin PBXFileReference section */
		C9681AFD27A2FE3D008B84FD /* TimPracticeTableView.app */ = {isa = PBXFileReference; explicitFileType = wrapper.application; includeInIndex = 0; path = TimPracticeTableView.app; sourceTree = BUILT_PRODUCTS_DIR; };
		C9681B0027A2FE3D008B84FD /* AppDelegate.swift */ = {isa = PBXFileReference; lastKnownFileType = sourcecode.swift; path = AppDelegate.swift; sourceTree = "<group>"; };
		C9681B0227A2FE3D008B84FD /* SceneDelegate.swift */ = {isa = PBXFileReference; lastKnownFileType = sourcecode.swift; path = SceneDelegate.swift; sourceTree = "<group>"; };
		C9681B0427A2FE3D008B84FD /* ViewController.swift */ = {isa = PBXFileReference; lastKnownFileType = sourcecode.swift; path = ViewController.swift; sourceTree = "<group>"; };
		C9681B0727A2FE3D008B84FD /* Base */ = {isa = PBXFileReference; lastKnownFileType = file.storyboard; name = Base; path = Base.lproj/Main.storyboard; sourceTree = "<group>"; };
		C9681B0927A2FE3D008B84FD /* Assets.xcassets */ = {isa = PBXFileReference; lastKnownFileType = folder.assetcatalog; path = Assets.xcassets; sourceTree = "<group>"; };
		C9681B0C27A2FE3D008B84FD /* Base */ = {isa = PBXFileReference; lastKnownFileType = file.storyboard; name = Base; path = Base.lproj/LaunchScreen.storyboard; sourceTree = "<group>"; };
		C9681B0E27A2FE3D008B84FD /* Info.plist */ = {isa = PBXFileReference; lastKnownFileType = text.plist.xml; path = Info.plist; sourceTree = "<group>"; };
		C9681B1327A2FE3D008B84FD /* TimPracticeTableViewTests.xctest */ = {isa = PBXFileReference; explicitFileType = wrapper.cfbundle; includeInIndex = 0; path = TimPracticeTableViewTests.xctest; sourceTree = BUILT_PRODUCTS_DIR; };
		C9681B1727A2FE3D008B84FD /* TimPracticeTableViewTests.swift */ = {isa = PBXFileReference; lastKnownFileType = sourcecode.swift; path = TimPracticeTableViewTests.swift; sourceTree = "<group>"; };
		C9681B1D27A2FE3D008B84FD /* TimPracticeTableViewUITests.xctest */ = {isa = PBXFileReference; explicitFileType = wrapper.cfbundle; includeInIndex = 0; path = TimPracticeTableViewUITests.xctest; sourceTree = BUILT_PRODUCTS_DIR; };
		C9681B2127A2FE3D008B84FD /* TimPracticeTableViewUITests.swift */ = {isa = PBXFileReference; lastKnownFileType = sourcecode.swift; path = TimPracticeTableViewUITests.swift; sourceTree = "<group>"; };
		C9681B2327A2FE3D008B84FD /* TimPracticeTableViewUITestsLaunchTests.swift */ = {isa = PBXFileReference; lastKnownFileType = sourcecode.swift; path = TimPracticeTableViewUITestsLaunchTests.swift; sourceTree = "<group>"; };
		C9681B3027A3003E008B84FD /* TodoCell.swift */ = {isa = PBXFileReference; lastKnownFileType = sourcecode.swift; path = TodoCell.swift; sourceTree = "<group>"; };
		C9681B3127A3003E008B84FD /* TodoCell.xib */ = {isa = PBXFileReference; lastKnownFileType = file.xib; path = TodoCell.xib; sourceTree = "<group>"; };
		C9681B3427A30066008B84FD /* TodoItem.swift */ = {isa = PBXFileReference; lastKnownFileType = sourcecode.swift; path = TodoItem.swift; sourceTree = "<group>"; };
/* End PBXFileReference section */

/* Begin PBXFrameworksBuildPhase section */
		C9681AFA27A2FE3D008B84FD /* Frameworks */ = {
			isa = PBXFrameworksBuildPhase;
			buildActionMask = 2147483647;
			files = (
			);
			runOnlyForDeploymentPostprocessing = 0;
		};
		C9681B1027A2FE3D008B84FD /* Frameworks */ = {
			isa = PBXFrameworksBuildPhase;
			buildActionMask = 2147483647;
			files = (
			);
			runOnlyForDeploymentPostprocessing = 0;
		};
		C9681B1A27A2FE3D008B84FD /* Frameworks */ = {
			isa = PBXFrameworksBuildPhase;
			buildActionMask = 2147483647;
			files = (
			);
			runOnlyForDeploymentPostprocessing = 0;
		};
/* End PBXFrameworksBuildPhase section */

/* Begin PBXGroup section */
		C9681AF427A2FE3D008B84FD = {
			isa = PBXGroup;
			children = (
				C9681AFF27A2FE3D008B84FD /* TimPracticeTableView */,
				C9681B1627A2FE3D008B84FD /* TimPracticeTableViewTests */,
				C9681B2027A2FE3D008B84FD /* TimPracticeTableViewUITests */,
				C9681AFE27A2FE3D008B84FD /* Products */,
			);
			sourceTree = "<group>";
		};
		C9681AFE27A2FE3D008B84FD /* Products */ = {
			isa = PBXGroup;
			children = (
				C9681AFD27A2FE3D008B84FD /* TimPracticeTableView.app */,
				C9681B1327A2FE3D008B84FD /* TimPracticeTableViewTests.xctest */,
				C9681B1D27A2FE3D008B84FD /* TimPracticeTableViewUITests.xctest */,
			);
			name = Products;
			sourceTree = "<group>";
		};
		C9681AFF27A2FE3D008B84FD /* TimPracticeTableView */ = {
			isa = PBXGroup;
			children = (
				C9681B3827A30649008B84FD /* Controllers */,
				C9681B3727A3062A008B84FD /* Models */,
				C9681B3627A3060A008B84FD /* Views */,
				C9681B0027A2FE3D008B84FD /* AppDelegate.swift */,
				C9681B0227A2FE3D008B84FD /* SceneDelegate.swift */,
				C9681B0927A2FE3D008B84FD /* Assets.xcassets */,
				C9681B0E27A2FE3D008B84FD /* Info.plist */,
			);
			path = TimPracticeTableView;
			sourceTree = "<group>";
		};
		C9681B1627A2FE3D008B84FD /* TimPracticeTableViewTests */ = {
			isa = PBXGroup;
			children = (
				C9681B1727A2FE3D008B84FD /* TimPracticeTableViewTests.swift */,
			);
			path = TimPracticeTableViewTests;
			sourceTree = "<group>";
		};
		C9681B2027A2FE3D008B84FD /* TimPracticeTableViewUITests */ = {
			isa = PBXGroup;
			children = (
				C9681B2127A2FE3D008B84FD /* TimPracticeTableViewUITests.swift */,
				C9681B2327A2FE3D008B84FD /* TimPracticeTableViewUITestsLaunchTests.swift */,
			);
			path = TimPracticeTableViewUITests;
			sourceTree = "<group>";
		};
		C9681B3627A3060A008B84FD /* Views */ = {
			isa = PBXGroup;
			children = (
				C9681B3027A3003E008B84FD /* TodoCell.swift */,
				C9681B3127A3003E008B84FD /* TodoCell.xib */,
				C9681B0627A2FE3D008B84FD /* Main.storyboard */,
				C9681B0B27A2FE3D008B84FD /* LaunchScreen.storyboard */,
			);
			path = Views;
			sourceTree = "<group>";
		};
		C9681B3727A3062A008B84FD /* Models */ = {
			isa = PBXGroup;
			children = (
				C9681B3427A30066008B84FD /* TodoItem.swift */,
			);
			path = Models;
			sourceTree = "<group>";
		};
		C9681B3827A30649008B84FD /* Controllers */ = {
			isa = PBXGroup;
			children = (
				C9681B0427A2FE3D008B84FD /* ViewController.swift */,
			);
			path = Controllers;
			sourceTree = "<group>";
		};
/* End PBXGroup section */

/* Begin PBXNativeTarget section */
		C9681AFC27A2FE3D008B84FD /* TimPracticeTableView */ = {
			isa = PBXNativeTarget;
			buildConfigurationList = C9681B2727A2FE3D008B84FD /* Build configuration list for PBXNativeTarget "TimPracticeTableView" */;
			buildPhases = (
				C9681AF927A2FE3D008B84FD /* Sources */,
				C9681AFA27A2FE3D008B84FD /* Frameworks */,
				C9681AFB27A2FE3D008B84FD /* Resources */,
			);
			buildRules = (
			);
			dependencies = (
			);
			name = TimPracticeTableView;
			productName = TimPracticeTableView;
			productReference = C9681AFD27A2FE3D008B84FD /* TimPracticeTableView.app */;
			productType = "com.apple.product-type.application";
		};
		C9681B1227A2FE3D008B84FD /* TimPracticeTableViewTests */ = {
			isa = PBXNativeTarget;
			buildConfigurationList = C9681B2A27A2FE3D008B84FD /* Build configuration list for PBXNativeTarget "TimPracticeTableViewTests" */;
			buildPhases = (
				C9681B0F27A2FE3D008B84FD /* Sources */,
				C9681B1027A2FE3D008B84FD /* Frameworks */,
				C9681B1127A2FE3D008B84FD /* Resources */,
			);
			buildRules = (
			);
			dependencies = (
				C9681B1527A2FE3D008B84FD /* PBXTargetDependency */,
			);
			name = TimPracticeTableViewTests;
			productName = TimPracticeTableViewTests;
			productReference = C9681B1327A2FE3D008B84FD /* TimPracticeTableViewTests.xctest */;
			productType = "com.apple.product-type.bundle.unit-test";
		};
		C9681B1C27A2FE3D008B84FD /* TimPracticeTableViewUITests */ = {
			isa = PBXNativeTarget;
			buildConfigurationList = C9681B2D27A2FE3D008B84FD /* Build configuration list for PBXNativeTarget "TimPracticeTableViewUITests" */;
			buildPhases = (
				C9681B1927A2FE3D008B84FD /* Sources */,
				C9681B1A27A2FE3D008B84FD /* Frameworks */,
				C9681B1B27A2FE3D008B84FD /* Resources */,
			);
			buildRules = (
			);
			dependencies = (
				C9681B1F27A2FE3D008B84FD /* PBXTargetDependency */,
			);
			name = TimPracticeTableViewUITests;
			productName = TimPracticeTableViewUITests;
			productReference = C9681B1D27A2FE3D008B84FD /* TimPracticeTableViewUITests.xctest */;
			productType = "com.apple.product-type.bundle.ui-testing";
		};
/* End PBXNativeTarget section */

/* Begin PBXProject section */
		C9681AF527A2FE3D008B84FD /* Project object */ = {
			isa = PBXProject;
			attributes = {
				BuildIndependentTargetsInParallel = 1;
				LastSwiftUpdateCheck = 1320;
				LastUpgradeCheck = 1320;
				TargetAttributes = {
					C9681AFC27A2FE3D008B84FD = {
						CreatedOnToolsVersion = 13.2.1;
					};
					C9681B1227A2FE3D008B84FD = {
						CreatedOnToolsVersion = 13.2.1;
						TestTargetID = C9681AFC27A2FE3D008B84FD;
					};
					C9681B1C27A2FE3D008B84FD = {
						CreatedOnToolsVersion = 13.2.1;
						TestTargetID = C9681AFC27A2FE3D008B84FD;
					};
				};
			};
			buildConfigurationList = C9681AF827A2FE3D008B84FD /* Build configuration list for PBXProject "TimPracticeTableView" */;
			compatibilityVersion = "Xcode 13.0";
			developmentRegion = en;
			hasScannedForEncodings = 0;
			knownRegions = (
				en,
				Base,
			);
			mainGroup = C9681AF427A2FE3D008B84FD;
			productRefGroup = C9681AFE27A2FE3D008B84FD /* Products */;
			projectDirPath = "";
			projectRoot = "";
			targets = (
				C9681AFC27A2FE3D008B84FD /* TimPracticeTableView */,
				C9681B1227A2FE3D008B84FD /* TimPracticeTableViewTests */,
				C9681B1C27A2FE3D008B84FD /* TimPracticeTableViewUITests */,
			);
		};
/* End PBXProject section */

/* Begin PBXResourcesBuildPhase section */
		C9681AFB27A2FE3D008B84FD /* Resources */ = {
			isa = PBXResourcesBuildPhase;
			buildActionMask = 2147483647;
			files = (
				C9681B0D27A2FE3D008B84FD /* LaunchScreen.storyboard in Resources */,
				C9681B0A27A2FE3D008B84FD /* Assets.xcassets in Resources */,
				C9681B0827A2FE3D008B84FD /* Main.storyboard in Resources */,
				C9681B3327A3003E008B84FD /* TodoCell.xib in Resources */,
			);
			runOnlyForDeploymentPostprocessing = 0;
		};
		C9681B1127A2FE3D008B84FD /* Resources */ = {
			isa = PBXResourcesBuildPhase;
			buildActionMask = 2147483647;
			files = (
			);
			runOnlyForDeploymentPostprocessing = 0;
		};
		C9681B1B27A2FE3D008B84FD /* Resources */ = {
			isa = PBXResourcesBuildPhase;
			buildActionMask = 2147483647;
			files = (
			);
			runOnlyForDeploymentPostprocessing = 0;
		};
/* End PBXResourcesBuildPhase section */

/* Begin PBXSourcesBuildPhase section */
		C9681AF927A2FE3D008B84FD /* Sources */ = {
			isa = PBXSourcesBuildPhase;
			buildActionMask = 2147483647;
			files = (
				C9681B3527A30066008B84FD /* TodoItem.swift in Sources */,
				C9681B0527A2FE3D008B84FD /* ViewController.swift in Sources */,
				C9681B0127A2FE3D008B84FD /* AppDelegate.swift in Sources */,
				C9681B0327A2FE3D008B84FD /* SceneDelegate.swift in Sources */,
				C9681B3227A3003E008B84FD /* TodoCell.swift in Sources */,
			);
			runOnlyForDeploymentPostprocessing = 0;
		};
		C9681B0F27A2FE3D008B84FD /* Sources */ = {
			isa = PBXSourcesBuildPhase;
			buildActionMask = 2147483647;
			files = (
				C9681B1827A2FE3D008B84FD /* TimPracticeTableViewTests.swift in Sources */,
			);
			runOnlyForDeploymentPostprocessing = 0;
		};
		C9681B1927A2FE3D008B84FD /* Sources */ = {
			isa = PBXSourcesBuildPhase;
			buildActionMask = 2147483647;
			files = (
				C9681B2427A2FE3D008B84FD /* TimPracticeTableViewUITestsLaunchTests.swift in Sources */,
				C9681B2227A2FE3D008B84FD /* TimPracticeTableViewUITests.swift in Sources */,
			);
			runOnlyForDeploymentPostprocessing = 0;
		};
/* End PBXSourcesBuildPhase section */

/* Begin PBXTargetDependency section */
		C9681B1527A2FE3D008B84FD /* PBXTargetDependency */ = {
			isa = PBXTargetDependency;
			target = C9681AFC27A2FE3D008B84FD /* TimPracticeTableView */;
			targetProxy = C9681B1427A2FE3D008B84FD /* PBXContainerItemProxy */;
		};
		C9681B1F27A2FE3D008B84FD /* PBXTargetDependency */ = {
			isa = PBXTargetDependency;
			target = C9681AFC27A2FE3D008B84FD /* TimPracticeTableView */;
			targetProxy = C9681B1E27A2FE3D008B84FD /* PBXContainerItemProxy */;
		};
/* End PBXTargetDependency section */

/* Begin PBXVariantGroup section */
		C9681B0627A2FE3D008B84FD /* Main.storyboard */ = {
			isa = PBXVariantGroup;
			children = (
				C9681B0727A2FE3D008B84FD /* Base */,
			);
			name = Main.storyboard;
			sourceTree = "<group>";
		};
		C9681B0B27A2FE3D008B84FD /* LaunchScreen.storyboard */ = {
			isa = PBXVariantGroup;
			children = (
				C9681B0C27A2FE3D008B84FD /* Base */,
			);
			name = LaunchScreen.storyboard;
			sourceTree = "<group>";
		};
/* End PBXVariantGroup section */

/* Begin XCBuildConfiguration section */
		C9681B2527A2FE3D008B84FD /* Debug */ = {
			isa = XCBuildConfiguration;
			buildSettings = {
				ALWAYS_SEARCH_USER_PATHS = NO;
				CLANG_ANALYZER_NONNULL = YES;
				CLANG_ANALYZER_NUMBER_OBJECT_CONVERSION = YES_AGGRESSIVE;
				CLANG_CXX_LANGUAGE_STANDARD = "gnu++17";
				CLANG_CXX_LIBRARY = "libc++";
				CLANG_ENABLE_MODULES = YES;
				CLANG_ENABLE_OBJC_ARC = YES;
				CLANG_ENABLE_OBJC_WEAK = YES;
				CLANG_WARN_BLOCK_CAPTURE_AUTORELEASING = YES;
				CLANG_WARN_BOOL_CONVERSION = YES;
				CLANG_WARN_COMMA = YES;
				CLANG_WARN_CONSTANT_CONVERSION = YES;
				CLANG_WARN_DEPRECATED_OBJC_IMPLEMENTATIONS = YES;
				CLANG_WARN_DIRECT_OBJC_ISA_USAGE = YES_ERROR;
				CLANG_WARN_DOCUMENTATION_COMMENTS = YES;
				CLANG_WARN_EMPTY_BODY = YES;
				CLANG_WARN_ENUM_CONVERSION = YES;
				CLANG_WARN_INFINITE_RECURSION = YES;
				CLANG_WARN_INT_CONVERSION = YES;
				CLANG_WARN_NON_LITERAL_NULL_CONVERSION = YES;
				CLANG_WARN_OBJC_IMPLICIT_RETAIN_SELF = YES;
				CLANG_WARN_OBJC_LITERAL_CONVERSION = YES;
				CLANG_WARN_OBJC_ROOT_CLASS = YES_ERROR;
				CLANG_WARN_QUOTED_INCLUDE_IN_FRAMEWORK_HEADER = YES;
				CLANG_WARN_RANGE_LOOP_ANALYSIS = YES;
				CLANG_WARN_STRICT_PROTOTYPES = YES;
				CLANG_WARN_SUSPICIOUS_MOVE = YES;
				CLANG_WARN_UNGUARDED_AVAILABILITY = YES_AGGRESSIVE;
				CLANG_WARN_UNREACHABLE_CODE = YES;
				CLANG_WARN__DUPLICATE_METHOD_MATCH = YES;
				COPY_PHASE_STRIP = NO;
				DEBUG_INFORMATION_FORMAT = dwarf;
				ENABLE_STRICT_OBJC_MSGSEND = YES;
				ENABLE_TESTABILITY = YES;
				GCC_C_LANGUAGE_STANDARD = gnu11;
				GCC_DYNAMIC_NO_PIC = NO;
				GCC_NO_COMMON_BLOCKS = YES;
				GCC_OPTIMIZATION_LEVEL = 0;
				GCC_PREPROCESSOR_DEFINITIONS = (
					"DEBUG=1",
					"$(inherited)",
				);
				GCC_WARN_64_TO_32_BIT_CONVERSION = YES;
				GCC_WARN_ABOUT_RETURN_TYPE = YES_ERROR;
				GCC_WARN_UNDECLARED_SELECTOR = YES;
				GCC_WARN_UNINITIALIZED_AUTOS = YES_AGGRESSIVE;
				GCC_WARN_UNUSED_FUNCTION = YES;
				GCC_WARN_UNUSED_VARIABLE = YES;
				IPHONEOS_DEPLOYMENT_TARGET = 15.2;
				MTL_ENABLE_DEBUG_INFO = INCLUDE_SOURCE;
				MTL_FAST_MATH = YES;
				ONLY_ACTIVE_ARCH = YES;
				SDKROOT = iphoneos;
				SWIFT_ACTIVE_COMPILATION_CONDITIONS = DEBUG;
				SWIFT_OPTIMIZATION_LEVEL = "-Onone";
			};
			name = Debug;
		};
		C9681B2627A2FE3D008B84FD /* Release */ = {
			isa = XCBuildConfiguration;
			buildSettings = {
				ALWAYS_SEARCH_USER_PATHS = NO;
				CLANG_ANALYZER_NONNULL = YES;
				CLANG_ANALYZER_NUMBER_OBJECT_CONVERSION = YES_AGGRESSIVE;
				CLANG_CXX_LANGUAGE_STANDARD = "gnu++17";
				CLANG_CXX_LIBRARY = "libc++";
				CLANG_ENABLE_MODULES = YES;
				CLANG_ENABLE_OBJC_ARC = YES;
				CLANG_ENABLE_OBJC_WEAK = YES;
				CLANG_WARN_BLOCK_CAPTURE_AUTORELEASING = YES;
				CLANG_WARN_BOOL_CONVERSION = YES;
				CLANG_WARN_COMMA = YES;
				CLANG_WARN_CONSTANT_CONVERSION = YES;
				CLANG_WARN_DEPRECATED_OBJC_IMPLEMENTATIONS = YES;
				CLANG_WARN_DIRECT_OBJC_ISA_USAGE = YES_ERROR;
				CLANG_WARN_DOCUMENTATION_COMMENTS = YES;
				CLANG_WARN_EMPTY_BODY = YES;
				CLANG_WARN_ENUM_CONVERSION = YES;
				CLANG_WARN_INFINITE_RECURSION = YES;
				CLANG_WARN_INT_CONVERSION = YES;
				CLANG_WARN_NON_LITERAL_NULL_CONVERSION = YES;
				CLANG_WARN_OBJC_IMPLICIT_RETAIN_SELF = YES;
				CLANG_WARN_OBJC_LITERAL_CONVERSION = YES;
				CLANG_WARN_OBJC_ROOT_CLASS = YES_ERROR;
				CLANG_WARN_QUOTED_INCLUDE_IN_FRAMEWORK_HEADER = YES;
				CLANG_WARN_RANGE_LOOP_ANALYSIS = YES;
				CLANG_WARN_STRICT_PROTOTYPES = YES;
				CLANG_WARN_SUSPICIOUS_MOVE = YES;
				CLANG_WARN_UNGUARDED_AVAILABILITY = YES_AGGRESSIVE;
				CLANG_WARN_UNREACHABLE_CODE = YES;
				CLANG_WARN__DUPLICATE_METHOD_MATCH = YES;
				COPY_PHASE_STRIP = NO;
				DEBUG_INFORMATION_FORMAT = "dwarf-with-dsym";
				ENABLE_NS_ASSERTIONS = NO;
				ENABLE_STRICT_OBJC_MSGSEND = YES;
				GCC_C_LANGUAGE_STANDARD = gnu11;
				GCC_NO_COMMON_BLOCKS = YES;
				GCC_WARN_64_TO_32_BIT_CONVERSION = YES;
				GCC_WARN_ABOUT_RETURN_TYPE = YES_ERROR;
				GCC_WARN_UNDECLARED_SELECTOR = YES;
				GCC_WARN_UNINITIALIZED_AUTOS = YES_AGGRESSIVE;
				GCC_WARN_UNUSED_FUNCTION = YES;
				GCC_WARN_UNUSED_VARIABLE = YES;
				IPHONEOS_DEPLOYMENT_TARGET = 15.2;
				MTL_ENABLE_DEBUG_INFO = NO;
				MTL_FAST_MATH = YES;
				SDKROOT = iphoneos;
				SWIFT_COMPILATION_MODE = wholemodule;
				SWIFT_OPTIMIZATION_LEVEL = "-O";
				VALIDATE_PRODUCT = YES;
			};
			name = Release;
		};
		C9681B2827A2FE3D008B84FD /* Debug */ = {
			isa = XCBuildConfiguration;
			buildSettings = {
				ASSETCATALOG_COMPILER_APPICON_NAME = AppIcon;
				ASSETCATALOG_COMPILER_GLOBAL_ACCENT_COLOR_NAME = AccentColor;
				CODE_SIGN_STYLE = Automatic;
				CURRENT_PROJECT_VERSION = 1;
				GENERATE_INFOPLIST_FILE = YES;
				INFOPLIST_FILE = TimPracticeTableView/Info.plist;
				INFOPLIST_KEY_UIApplicationSupportsIndirectInputEvents = YES;
				INFOPLIST_KEY_UILaunchStoryboardName = LaunchScreen;
				INFOPLIST_KEY_UIMainStoryboardFile = Main;
				INFOPLIST_KEY_UISupportedInterfaceOrientations_iPad = "UIInterfaceOrientationPortrait UIInterfaceOrientationPortraitUpsideDown UIInterfaceOrientationLandscapeLeft UIInterfaceOrientationLandscapeRight";
				INFOPLIST_KEY_UISupportedInterfaceOrientations_iPhone = "UIInterfaceOrientationPortrait UIInterfaceOrientationLandscapeLeft UIInterfaceOrientationLandscapeRight";
				LD_RUNPATH_SEARCH_PATHS = (
					"$(inherited)",
					"@executable_path/Frameworks",
				);
				MARKETING_VERSION = 1.0;
				PRODUCT_BUNDLE_IDENTIFIER = ravebizz.TimPracticeTableView;
				PRODUCT_NAME = "$(TARGET_NAME)";
				SWIFT_EMIT_LOC_STRINGS = YES;
				SWIFT_VERSION = 5.0;
				TARGETED_DEVICE_FAMILY = "1,2";
			};
			name = Debug;
		};
		C9681B2927A2FE3D008B84FD /* Release */ = {
			isa = XCBuildConfiguration;
			buildSettings = {
				ASSETCATALOG_COMPILER_APPICON_NAME = AppIcon;
				ASSETCATALOG_COMPILER_GLOBAL_ACCENT_COLOR_NAME = AccentColor;
				CODE_SIGN_STYLE = Automatic;
				CURRENT_PROJECT_VERSION = 1;
				GENERATE_INFOPLIST_FILE = YES;
				INFOPLIST_FILE = TimPracticeTableView/Info.plist;
				INFOPLIST_KEY_UIApplicationSupportsIndirectInputEvents = YES;
				INFOPLIST_KEY_UILaunchStoryboardName = LaunchScreen;
				INFOPLIST_KEY_UIMainStoryboardFile = Main;
				INFOPLIST_KEY_UISupportedInterfaceOrientations_iPad = "UIInterfaceOrientationPortrait UIInterfaceOrientationPortraitUpsideDown UIInterfaceOrientationLandscapeLeft UIInterfaceOrientationLandscapeRight";
				INFOPLIST_KEY_UISupportedInterfaceOrientations_iPhone = "UIInterfaceOrientationPortrait UIInterfaceOrientationLandscapeLeft UIInterfaceOrientationLandscapeRight";
				LD_RUNPATH_SEARCH_PATHS = (
					"$(inherited)",
					"@executable_path/Frameworks",
				);
				MARKETING_VERSION = 1.0;
				PRODUCT_BUNDLE_IDENTIFIER = ravebizz.TimPracticeTableView;
				PRODUCT_NAME = "$(TARGET_NAME)";
				SWIFT_EMIT_LOC_STRINGS = YES;
				SWIFT_VERSION = 5.0;
				TARGETED_DEVICE_FAMILY = "1,2";
			};
			name = Release;
		};
		C9681B2B27A2FE3D008B84FD /* Debug */ = {
			isa = XCBuildConfiguration;
			buildSettings = {
				ALWAYS_EMBED_SWIFT_STANDARD_LIBRARIES = YES;
				BUNDLE_LOADER = "$(TEST_HOST)";
				CODE_SIGN_STYLE = Automatic;
				CURRENT_PROJECT_VERSION = 1;
				GENERATE_INFOPLIST_FILE = YES;
				IPHONEOS_DEPLOYMENT_TARGET = 15.2;
				MARKETING_VERSION = 1.0;
				PRODUCT_BUNDLE_IDENTIFIER = ravebizz.TimPracticeTableViewTests;
				PRODUCT_NAME = "$(TARGET_NAME)";
				SWIFT_EMIT_LOC_STRINGS = NO;
				SWIFT_VERSION = 5.0;
				TARGETED_DEVICE_FAMILY = "1,2";
				TEST_HOST = "$(BUILT_PRODUCTS_DIR)/TimPracticeTableView.app/TimPracticeTableView";
			};
			name = Debug;
		};
		C9681B2C27A2FE3D008B84FD /* Release */ = {
			isa = XCBuildConfiguration;
			buildSettings = {
				ALWAYS_EMBED_SWIFT_STANDARD_LIBRARIES = YES;
				BUNDLE_LOADER = "$(TEST_HOST)";
				CODE_SIGN_STYLE = Automatic;
				CURRENT_PROJECT_VERSION = 1;
				GENERATE_INFOPLIST_FILE = YES;
				IPHONEOS_DEPLOYMENT_TARGET = 15.2;
				MARKETING_VERSION = 1.0;
				PRODUCT_BUNDLE_IDENTIFIER = ravebizz.TimPracticeTableViewTests;
				PRODUCT_NAME = "$(TARGET_NAME)";
				SWIFT_EMIT_LOC_STRINGS = NO;
				SWIFT_VERSION = 5.0;
				TARGETED_DEVICE_FAMILY = "1,2";
				TEST_HOST = "$(BUILT_PRODUCTS_DIR)/TimPracticeTableView.app/TimPracticeTableView";
			};
			name = Release;
		};
		C9681B2E27A2FE3D008B84FD /* Debug */ = {
			isa = XCBuildConfiguration;
			buildSettings = {
				ALWAYS_EMBED_SWIFT_STANDARD_LIBRARIES = YES;
				CODE_SIGN_STYLE = Automatic;
				CURRENT_PROJECT_VERSION = 1;
				GENERATE_INFOPLIST_FILE = YES;
				MARKETING_VERSION = 1.0;
				PRODUCT_BUNDLE_IDENTIFIER = ravebizz.TimPracticeTableViewUITests;
				PRODUCT_NAME = "$(TARGET_NAME)";
				SWIFT_EMIT_LOC_STRINGS = NO;
				SWIFT_VERSION = 5.0;
				TARGETED_DEVICE_FAMILY = "1,2";
				TEST_TARGET_NAME = TimPracticeTableView;
			};
			name = Debug;
		};
		C9681B2F27A2FE3D008B84FD /* Release */ = {
			isa = XCBuildConfiguration;
			buildSettings = {
				ALWAYS_EMBED_SWIFT_STANDARD_LIBRARIES = YES;
				CODE_SIGN_STYLE = Automatic;
				CURRENT_PROJECT_VERSION = 1;
				GENERATE_INFOPLIST_FILE = YES;
				MARKETING_VERSION = 1.0;
				PRODUCT_BUNDLE_IDENTIFIER = ravebizz.TimPracticeTableViewUITests;
				PRODUCT_NAME = "$(TARGET_NAME)";
				SWIFT_EMIT_LOC_STRINGS = NO;
				SWIFT_VERSION = 5.0;
				TARGETED_DEVICE_FAMILY = "1,2";
				TEST_TARGET_NAME = TimPracticeTableView;
			};
			name = Release;
		};
/* End XCBuildConfiguration section */

/* Begin XCConfigurationList section */
		C9681AF827A2FE3D008B84FD /* Build configuration list for PBXProject "TimPracticeTableView" */ = {
			isa = XCConfigurationList;
			buildConfigurations = (
				C9681B2527A2FE3D008B84FD /* Debug */,
				C9681B2627A2FE3D008B84FD /* Release */,
			);
			defaultConfigurationIsVisible = 0;
			defaultConfigurationName = Release;
		};
		C9681B2727A2FE3D008B84FD /* Build configuration list for PBXNativeTarget "TimPracticeTableView" */ = {
			isa = XCConfigurationList;
			buildConfigurations = (
				C9681B2827A2FE3D008B84FD /* Debug */,
				C9681B2927A2FE3D008B84FD /* Release */,
			);
			defaultConfigurationIsVisible = 0;
			defaultConfigurationName = Release;
		};
		C9681B2A27A2FE3D008B84FD /* Build configuration list for PBXNativeTarget "TimPracticeTableViewTests" */ = {
			isa = XCConfigurationList;
			buildConfigurations = (
				C9681B2B27A2FE3D008B84FD /* Debug */,
				C9681B2C27A2FE3D008B84FD /* Release */,
			);
			defaultConfigurationIsVisible = 0;
			defaultConfigurationName = Release;
		};
		C9681B2D27A2FE3D008B84FD /* Build configuration list for PBXNativeTarget "TimPracticeTableViewUITests" */ = {
			isa = XCConfigurationList;
			buildConfigurations = (
				C9681B2E27A2FE3D008B84FD /* Debug */,
				C9681B2F27A2FE3D008B84FD /* Release */,
			);
			defaultConfigurationIsVisible = 0;
			defaultConfigurationName = Release;
		};
/* End XCConfigurationList section */
	};
	rootObject = C9681AF527A2FE3D008B84FD /* Project object */;
}
